
Microsoft Visual Studio Solution File, Format Version 12.00
# Visual Studio Version 16
VisualStudioVersion = 16.0.29215.179
MinimumVisualStudioVersion = 10.0.40219.1
Project("{FAE04EC0-301F-11D3-BF4B-00C04F79EFBC}") = "NorthShoreSurfApp.Android", "NorthShoreSurfApp\NorthShoreSurfApp.Android\NorthShoreSurfApp.Android.csproj", "{FDFC3F9B-2152-40D3-A133-1723F983DA8C}"
EndProject
Project("{FAE04EC0-301F-11D3-BF4B-00C04F79EFBC}") = "NorthShoreSurfApp.iOS", "NorthShoreSurfApp\NorthShoreSurfApp.iOS\NorthShoreSurfApp.iOS.csproj", "{5F493059-9C51-4DF0-A582-28CFE891BA3C}"
EndProject
Project("{FAE04EC0-301F-11D3-BF4B-00C04F79EFBC}") = "NorthShoreSurfApp", "NorthShoreSurfApp\NorthShoreSurfApp\NorthShoreSurfApp.csproj", "{48BAE961-8256-4124-909E-0BD10D591583}"
EndProject
Global
	GlobalSection(SolutionConfigurationPlatforms) = preSolution
		Debug|Any CPU = Debug|Any CPU
		Debug|iPhone = Debug|iPhone
		Debug|iPhoneSimulator = Debug|iPhoneSimulator
		Release|Any CPU = Release|Any CPU
		Release|iPhone = Release|iPhone
		Release|iPhoneSimulator = Release|iPhoneSimulator
	EndGlobalSection
	GlobalSection(ProjectConfigurationPlatforms) = postSolution
		{FDFC3F9B-2152-40D3-A133-1723F983DA8C}.Debug|Any CPU.ActiveCfg = Debug|Any CPU
		{FDFC3F9B-2152-40D3-A133-1723F983DA8C}.Debug|Any CPU.Build.0 = Debug|Any CPU
		{FDFC3F9B-2152-40D3-A133-1723F983DA8C}.Debug|Any CPU.Deploy.0 = Debug|Any CPU
		{FDFC3F9B-2152-40D3-A133-1723F983DA8C}.Debug|iPhone.ActiveCfg = Debug|Any CPU
		{FDFC3F9B-2152-40D3-A133-1723F983DA8C}.Debug|iPhone.Build.0 = Debug|Any CPU
		{FDFC3F9B-2152-40D3-A133-1723F983DA8C}.Debug|iPhone.Deploy.0 = Debug|Any CPU
		{FDFC3F9B-2152-40D3-A133-1723F983DA8C}.Debug|iPhoneSimulator.ActiveCfg = Debug|Any CPU
		{FDFC3F9B-2152-40D3-A133-1723F983DA8C}.Debug|iPhoneSimulator.Build.0 = Debug|Any CPU
		{FDFC3F9B-2152-40D3-A133-1723F983DA8C}.Debug|iPhoneSimulator.Deploy.0 = Debug|Any CPU
		{FDFC3F9B-2152-40D3-A133-1723F983DA8C}.Release|Any CPU.ActiveCfg = Release|Any CPU
		{FDFC3F9B-2152-40D3-A133-1723F983DA8C}.Release|Any CPU.Build.0 = Release|Any CPU
		{FDFC3F9B-2152-40D3-A133-1723F983DA8C}.Release|Any CPU.Deploy.0 = Release|Any CPU
		{FDFC3F9B-2152-40D3-A133-1723F983DA8C}.Release|iPhone.ActiveCfg = Release|Any CPU
		{FDFC3F9B-2152-40D3-A133-1723F983DA8C}.Release|iPhone.Build.0 = Release|Any CPU
		{FDFC3F9B-2152-40D3-A133-1723F983DA8C}.Release|iPhone.Deploy.0 = Release|Any CPU
		{FDFC3F9B-2152-40D3-A133-1723F983DA8C}.Release|iPhoneSimulator.ActiveCfg = Release|Any CPU
		{FDFC3F9B-2152-40D3-A133-1723F983DA8C}.Release|iPhoneSimulator.Build.0 = Release|Any CPU
		{FDFC3F9B-2152-40D3-A133-1723F983DA8C}.Release|iPhoneSimulator.Deploy.0 = Release|Any CPU
		{5F493059-9C51-4DF0-A582-28CFE891BA3C}.Debug|Any CPU.ActiveCfg = Debug|iPhoneSimulator
		{5F493059-9C51-4DF0-A582-28CFE891BA3C}.Debug|Any CPU.Build.0 = Debug|iPhoneSimulator
		{5F493059-9C51-4DF0-A582-28CFE891BA3C}.Debug|Any CPU.Deploy.0 = Debug|iPhoneSimulator
		{5F493059-9C51-4DF0-A582-28CFE891BA3C}.Debug|iPhone.ActiveCfg = Debug|iPhone
		{5F493059-9C51-4DF0-A582-28CFE891BA3C}.Debug|iPhone.Build.0 = Debug|iPhone
		{5F493059-9C51-4DF0-A582-28CFE891BA3C}.Debug|iPhone.Deploy.0 = Debug|iPhone
		{5F493059-9C51-4DF0-A582-28CFE891BA3C}.Debug|iPhoneSimulator.ActiveCfg = Debug|iPhoneSimulator
		{5F493059-9C51-4DF0-A582-28CFE891BA3C}.Debug|iPhoneSimulator.Build.0 = Debug|iPhoneSimulator
		{5F493059-9C51-4DF0-A582-28CFE891BA3C}.Debug|iPhoneSimulator.Deploy.0 = Debug|iPhoneSimulator
		{5F493059-9C51-4DF0-A582-28CFE891BA3C}.Release|Any CPU.ActiveCfg = Release|iPhone
		{5F493059-9C51-4DF0-A582-28CFE891BA3C}.Release|Any CPU.Build.0 = Release|iPhone
		{5F493059-9C51-4DF0-A582-28CFE891BA3C}.Release|Any CPU.Deploy.0 = Release|iPhone
		{5F493059-9C51-4DF0-A582-28CFE891BA3C}.Release|iPhone.ActiveCfg = Release|iPhone
		{5F493059-9C51-4DF0-A582-28CFE891BA3C}.Release|iPhone.Build.0 = Release|iPhone
		{5F493059-9C51-4DF0-A582-28CFE891BA3C}.Release|iPhone.Deploy.0 = Release|iPhone
		{5F493059-9C51-4DF0-A582-28CFE891BA3C}.Release|iPhoneSimulator.ActiveCfg = Release|iPhoneSimulator
		{5F493059-9C51-4DF0-A582-28CFE891BA3C}.Release|iPhoneSimulator.Build.0 = Release|iPhoneSimulator
		{5F493059-9C51-4DF0-A582-28CFE891BA3C}.Release|iPhoneSimulator.Deploy.0 = Release|iPhoneSimulator
		{48BAE961-8256-4124-909E-0BD10D591583}.Debug|Any CPU.ActiveCfg = Debug|Any CPU
		{48BAE961-8256-4124-909E-0BD10D591583}.Debug|Any CPU.Build.0 = Debug|Any CPU
		{48BAE961-8256-4124-909E-0BD10D591583}.Debug|Any CPU.Deploy.0 = Debug|Any CPU
		{48BAE961-8256-4124-909E-0BD10D591583}.Debug|iPhone.ActiveCfg = Debug|Any CPU
		{48BAE961-8256-4124-909E-0BD10D591583}.Debug|iPhone.Build.0 = Debug|Any CPU
		{48BAE961-8256-4124-909E-0BD10D591583}.Debug|iPhone.Deploy.0 = Debug|Any CPU
		{48BAE961-8256-4124-909E-0BD10D591583}.Debug|iPhoneSimulator.ActiveCfg = Debug|Any CPU
		{48BAE961-8256-4124-909E-0BD10D591583}.Debug|iPhoneSimulator.Build.0 = Debug|Any CPU
		{48BAE961-8256-4124-909E-0BD10D591583}.Debug|iPhoneSimulator.Deploy.0 = Debug|Any CPU
		{48BAE961-8256-4124-909E-0BD10D591583}.Release|Any CPU.ActiveCfg = Release|Any CPU
		{48BAE961-8256-4124-909E-0BD10D591583}.Release|Any CPU.Build.0 = Release|Any CPU
		{48BAE961-8256-4124-909E-0BD10D591583}.Release|Any CPU.Deploy.0 = Release|Any CPU
		{48BAE961-8256-4124-909E-0BD10D591583}.Release|iPhone.ActiveCfg = Release|Any CPU
		{48BAE961-8256-4124-909E-0BD10D591583}.Release|iPhone.Build.0 = Release|Any CPU
		{48BAE961-8256-4124-909E-0BD10D591583}.Release|iPhone.Deploy.0 = Release|Any CPU
		{48BAE961-8256-4124-909E-0BD10D591583}.Release|iPhoneSimulator.ActiveCfg = Release|Any CPU
		{48BAE961-8256-4124-909E-0BD10D591583}.Release|iPhoneSimulator.Build.0 = Release|Any CPU
		{48BAE961-8256-4124-909E-0BD10D591583}.Release|iPhoneSimulator.Deploy.0 = Release|Any CPU
	EndGlobalSection
	GlobalSection(SolutionProperties) = preSolution
		HideSolutionNode = FALSE
	EndGlobalSection
	GlobalSection(ExtensibilityGlobals) = postSolution
		SolutionGuid = {A53C90ED-4AAE-4E91-AC6D-AE4C8D5DE180}
	EndGlobalSection
EndGlobal
